// !$*UTF8*$!
{
	archiveVersion = 1;
	classes = {
	};
	objectVersion = 54;
	objects = {

/* Begin PBXBuildFile section */
		093D4F8145EC4D669BC77D8C /* TitilliumSansPro-ThinItalic.otf in Resources */ = {isa = PBXBuildFile; fileRef = 240978AC19094893BDBC8EC8 /* TitilliumSansPro-ThinItalic.otf */; };
		0A1F5DA3C9F440279EA2FE4A /* Titillio-BlackItalic.otf in Resources */ = {isa = PBXBuildFile; fileRef = 430BA7F821FE420699CAB8E2 /* Titillio-BlackItalic.otf */; };
		13588AE3202F467B879F2EF5 /* Titillio-Bold.otf in Resources */ = {isa = PBXBuildFile; fileRef = FA26CAB297834E639081D91E /* Titillio-Bold.otf */; };
		13B07FBF1A68108700A75B9A /* Images.xcassets in Resources */ = {isa = PBXBuildFile; fileRef = 13B07FB51A68108700A75B9A /* Images.xcassets */; };
		1784E40564CA4751942BACC2 /* TitilliumSansPro-BlackItalic.otf in Resources */ = {isa = PBXBuildFile; fileRef = 79319A14432F41BEAB3074FD /* TitilliumSansPro-BlackItalic.otf */; };
		18FBBD1F9AF24DD49E67464E /* TitilliumSansPro-LightItalic.otf in Resources */ = {isa = PBXBuildFile; fileRef = F339A846B15749F98D8E5C6F /* TitilliumSansPro-LightItalic.otf */; };
		1B20A905301D461B8FE65E1A /* TitilliumSansPro-SemiboldItalic.otf in Resources */ = {isa = PBXBuildFile; fileRef = 1708B67025CA41E386C812EF /* TitilliumSansPro-SemiboldItalic.otf */; };
		204F2B436D9D498091C11828 /* Titillio-SemiboldItalic.otf in Resources */ = {isa = PBXBuildFile; fileRef = 7165A8CE4EED4B86A518B270 /* Titillio-SemiboldItalic.otf */; };
		22D818C37E8D46878C9BBDF0 /* TitilliumSansPro-Semibold.otf in Resources */ = {isa = PBXBuildFile; fileRef = 21A9D63B4D4A4553B1DD8FCD /* TitilliumSansPro-Semibold.otf */; };
		23CEE3804A144229A2C18EAA /* Titillio-Extrablack.otf in Resources */ = {isa = PBXBuildFile; fileRef = 8FA2FDA4632E422194C7E1A1 /* Titillio-Extrablack.otf */; };
		2DE38A481C154BE4B63CF410 /* Titillio-Light.otf in Resources */ = {isa = PBXBuildFile; fileRef = B8D98B4A78B94C9A949B29E8 /* Titillio-Light.otf */; };
		3558A75016C5A30539877B84 /* PrivacyInfo.xcprivacy in Resources */ = {isa = PBXBuildFile; fileRef = DE963A9F2B35E843C3698C24 /* PrivacyInfo.xcprivacy */; };
		36DE9EC3AC8B4EDCABC3CAB2 /* Titillio-Regular.otf in Resources */ = {isa = PBXBuildFile; fileRef = EB1BAF542E6B45BF9B46143A /* Titillio-Regular.otf */; };
		3A51DC078DB04BFD9894F0BE /* Titillio-ExtraboldItalic.otf in Resources */ = {isa = PBXBuildFile; fileRef = BE0DAA9213CD4F34B64C4991 /* Titillio-ExtraboldItalic.otf */; };
		460A1C5BCC934D08BD15F4A9 /* Titillio-Black.otf in Resources */ = {isa = PBXBuildFile; fileRef = 15A5A725CA62404FBCEB9B57 /* Titillio-Black.otf */; };
		4A148B935CED442D9C119D28 /* Titillio-Thin.otf in Resources */ = {isa = PBXBuildFile; fileRef = 6DA1A561244B4428BE0E8131 /* Titillio-Thin.otf */; };
		522AF7EC8E0F400FA1D2BB50 /* TitilliumSansPro-Black.otf in Resources */ = {isa = PBXBuildFile; fileRef = 5B9FE5965E924AA899806CBF /* TitilliumSansPro-Black.otf */; };
		696712BA3C4E48378FC69BCC /* Colors.xcassets in Resources */ = {isa = PBXBuildFile; fileRef = DC4CF7301749440CAE7B3A98 /* Colors.xcassets */; };
		6CDE7782BAF447ABA15525BB /* Titillio-Semibold.otf in Resources */ = {isa = PBXBuildFile; fileRef = 5A9395E16369404D96ED52C7 /* Titillio-Semibold.otf */; };
		72405161325446FC9D3D44AE /* TitilliumSansPro-Light.otf in Resources */ = {isa = PBXBuildFile; fileRef = AF0B1A517E2A471D83607F87 /* TitilliumSansPro-Light.otf */; };
		757A95AB1C66444BA3BC05FF /* Titillio-RegularItalic.otf in Resources */ = {isa = PBXBuildFile; fileRef = 0612F5A308514850BC36EC98 /* Titillio-RegularItalic.otf */; };
		77A20BE28C7A49C0B0120CE2 /* Titillio-LightItalic.otf in Resources */ = {isa = PBXBuildFile; fileRef = 047EDABED48D4D599E0D56E2 /* Titillio-LightItalic.otf */; };
		81AB9BB82411601600AC10FF /* LaunchScreen.storyboard in Resources */ = {isa = PBXBuildFile; fileRef = 81AB9BB72411601600AC10FF /* LaunchScreen.storyboard */; };
		877A53B3CFCC0FC5A2283477 /* libPods-IoEudiwApp.a in Frameworks */ = {isa = PBXBuildFile; fileRef = 46334D6DD4BE72A24D54452D /* libPods-IoEudiwApp.a */; };
		99CD6813D879408C89F91B84 /* TitilliumSansPro-Italic.otf in Resources */ = {isa = PBXBuildFile; fileRef = 2597B0BD049D4FD5A02C25A6 /* TitilliumSansPro-Italic.otf */; };
		A0545EB5A3A6474BBECA40BC /* Titillio-ThinItalic.otf in Resources */ = {isa = PBXBuildFile; fileRef = D42FA4F07E19412084BD2623 /* Titillio-ThinItalic.otf */; };
		A51A1D441BE24D3386947144 /* TitilliumSansPro-Regular.otf in Resources */ = {isa = PBXBuildFile; fileRef = 6DE0D075230E49CEBCD366B0 /* TitilliumSansPro-Regular.otf */; };
		A54F895845624BCEAF917B6D /* DMMono-Medium.ttf in Resources */ = {isa = PBXBuildFile; fileRef = 8D5302EAAEE84FA09944B103 /* DMMono-Medium.ttf */; };
		A769003E9A3F4E348A3861CB /* Titillio-BoldItalic.otf in Resources */ = {isa = PBXBuildFile; fileRef = 0FA23E12FCD5425296A1777D /* Titillio-BoldItalic.otf */; };
		B66E98041841459DACF629ED /* TitilliumSansPro-Bold.otf in Resources */ = {isa = PBXBuildFile; fileRef = 47707031C2D14E2391795E37 /* TitilliumSansPro-Bold.otf */; };
		C5804A29C99345E5B5D7321C /* TitilliumSansPro-BoldItalic.otf in Resources */ = {isa = PBXBuildFile; fileRef = 4F04C273CB2E4408A0CAB0BC /* TitilliumSansPro-BoldItalic.otf */; };
		C6BBA361F0C94144B33F7BB0 /* TitilliumSansPro-Thin.otf in Resources */ = {isa = PBXBuildFile; fileRef = 6E482761302D4430BAAFB6CB /* TitilliumSansPro-Thin.otf */; };
		EA6F74176EAD40CD98825A12 /* Titillio-Extrabold.otf in Resources */ = {isa = PBXBuildFile; fileRef = 0A43755FBD954A6CB07F91DC /* Titillio-Extrabold.otf */; };
		F63566792DF6DA7700C178C6 /* AppDelegate.swift in Sources */ = {isa = PBXBuildFile; fileRef = F63566782DF6DA7700C178C6 /* AppDelegate.swift */; };
		F6959AA72D00A15100D2A569 /* BootSplash.storyboard in Resources */ = {isa = PBXBuildFile; fileRef = F6959AA62D00A15100D2A569 /* BootSplash.storyboard */; };
		FBB43AC230BE40C48E7506A4 /* Titillio-ExtrablackItalic.otf in Resources */ = {isa = PBXBuildFile; fileRef = 081C72F902E4450B96CC25FC /* Titillio-ExtrablackItalic.otf */; };
/* End PBXBuildFile section */

/* Begin PBXFileReference section */
		047EDABED48D4D599E0D56E2 /* Titillio-LightItalic.otf */ = {isa = PBXFileReference; explicitFileType = undefined; fileEncoding = 9; includeInIndex = 0; lastKnownFileType = unknown; name = "Titillio-LightItalic.otf"; path = "../assets/fonts/Titillio/Titillio-LightItalic.otf"; sourceTree = "<group>"; };
		0612F5A308514850BC36EC98 /* Titillio-RegularItalic.otf */ = {isa = PBXFileReference; explicitFileType = undefined; fileEncoding = 9; includeInIndex = 0; lastKnownFileType = unknown; name = "Titillio-RegularItalic.otf"; path = "../assets/fonts/Titillio/Titillio-RegularItalic.otf"; sourceTree = "<group>"; };
		081C72F902E4450B96CC25FC /* Titillio-ExtrablackItalic.otf */ = {isa = PBXFileReference; explicitFileType = undefined; fileEncoding = 9; includeInIndex = 0; lastKnownFileType = unknown; name = "Titillio-ExtrablackItalic.otf"; path = "../assets/fonts/Titillio/Titillio-ExtrablackItalic.otf"; sourceTree = "<group>"; };
		0A43755FBD954A6CB07F91DC /* Titillio-Extrabold.otf */ = {isa = PBXFileReference; explicitFileType = undefined; fileEncoding = 9; includeInIndex = 0; lastKnownFileType = unknown; name = "Titillio-Extrabold.otf"; path = "../assets/fonts/Titillio/Titillio-Extrabold.otf"; sourceTree = "<group>"; };
		0FA23E12FCD5425296A1777D /* Titillio-BoldItalic.otf */ = {isa = PBXFileReference; explicitFileType = undefined; fileEncoding = 9; includeInIndex = 0; lastKnownFileType = unknown; name = "Titillio-BoldItalic.otf"; path = "../assets/fonts/Titillio/Titillio-BoldItalic.otf"; sourceTree = "<group>"; };
		13B07F961A680F5B00A75B9A /* IoEudiwApp.app */ = {isa = PBXFileReference; explicitFileType = wrapper.application; includeInIndex = 0; path = IoEudiwApp.app; sourceTree = BUILT_PRODUCTS_DIR; };
		13B07FB51A68108700A75B9A /* Images.xcassets */ = {isa = PBXFileReference; lastKnownFileType = folder.assetcatalog; name = Images.xcassets; path = IoEudiwApp/Images.xcassets; sourceTree = "<group>"; };
		13B07FB61A68108700A75B9A /* Info.plist */ = {isa = PBXFileReference; fileEncoding = 4; lastKnownFileType = text.plist.xml; name = Info.plist; path = IoEudiwApp/Info.plist; sourceTree = "<group>"; };
		15A5A725CA62404FBCEB9B57 /* Titillio-Black.otf */ = {isa = PBXFileReference; explicitFileType = undefined; fileEncoding = 9; includeInIndex = 0; lastKnownFileType = unknown; name = "Titillio-Black.otf"; path = "../assets/fonts/Titillio/Titillio-Black.otf"; sourceTree = "<group>"; };
		1708B67025CA41E386C812EF /* TitilliumSansPro-SemiboldItalic.otf */ = {isa = PBXFileReference; explicitFileType = undefined; fileEncoding = 9; includeInIndex = 0; lastKnownFileType = unknown; name = "TitilliumSansPro-SemiboldItalic.otf"; path = "../assets/fonts/TitilliumSansPro/TitilliumSansPro-SemiboldItalic.otf"; sourceTree = "<group>"; };
		21A9D63B4D4A4553B1DD8FCD /* TitilliumSansPro-Semibold.otf */ = {isa = PBXFileReference; explicitFileType = undefined; fileEncoding = 9; includeInIndex = 0; lastKnownFileType = unknown; name = "TitilliumSansPro-Semibold.otf"; path = "../assets/fonts/TitilliumSansPro/TitilliumSansPro-Semibold.otf"; sourceTree = "<group>"; };
		240978AC19094893BDBC8EC8 /* TitilliumSansPro-ThinItalic.otf */ = {isa = PBXFileReference; explicitFileType = undefined; fileEncoding = 9; includeInIndex = 0; lastKnownFileType = unknown; name = "TitilliumSansPro-ThinItalic.otf"; path = "../assets/fonts/TitilliumSansPro/TitilliumSansPro-ThinItalic.otf"; sourceTree = "<group>"; };
		2597B0BD049D4FD5A02C25A6 /* TitilliumSansPro-Italic.otf */ = {isa = PBXFileReference; explicitFileType = undefined; fileEncoding = 9; includeInIndex = 0; lastKnownFileType = unknown; name = "TitilliumSansPro-Italic.otf"; path = "../assets/fonts/TitilliumSansPro/TitilliumSansPro-Italic.otf"; sourceTree = "<group>"; };
		430BA7F821FE420699CAB8E2 /* Titillio-BlackItalic.otf */ = {isa = PBXFileReference; explicitFileType = undefined; fileEncoding = 9; includeInIndex = 0; lastKnownFileType = unknown; name = "Titillio-BlackItalic.otf"; path = "../assets/fonts/Titillio/Titillio-BlackItalic.otf"; sourceTree = "<group>"; };
		46334D6DD4BE72A24D54452D /* libPods-IoEudiwApp.a */ = {isa = PBXFileReference; explicitFileType = archive.ar; includeInIndex = 0; path = "libPods-IoEudiwApp.a"; sourceTree = BUILT_PRODUCTS_DIR; };
		47707031C2D14E2391795E37 /* TitilliumSansPro-Bold.otf */ = {isa = PBXFileReference; explicitFileType = undefined; fileEncoding = 9; includeInIndex = 0; lastKnownFileType = unknown; name = "TitilliumSansPro-Bold.otf"; path = "../assets/fonts/TitilliumSansPro/TitilliumSansPro-Bold.otf"; sourceTree = "<group>"; };
		4F04C273CB2E4408A0CAB0BC /* TitilliumSansPro-BoldItalic.otf */ = {isa = PBXFileReference; explicitFileType = undefined; fileEncoding = 9; includeInIndex = 0; lastKnownFileType = unknown; name = "TitilliumSansPro-BoldItalic.otf"; path = "../assets/fonts/TitilliumSansPro/TitilliumSansPro-BoldItalic.otf"; sourceTree = "<group>"; };
		5A9395E16369404D96ED52C7 /* Titillio-Semibold.otf */ = {isa = PBXFileReference; explicitFileType = undefined; fileEncoding = 9; includeInIndex = 0; lastKnownFileType = unknown; name = "Titillio-Semibold.otf"; path = "../assets/fonts/Titillio/Titillio-Semibold.otf"; sourceTree = "<group>"; };
		5B9FE5965E924AA899806CBF /* TitilliumSansPro-Black.otf */ = {isa = PBXFileReference; explicitFileType = undefined; fileEncoding = 9; includeInIndex = 0; lastKnownFileType = unknown; name = "TitilliumSansPro-Black.otf"; path = "../assets/fonts/TitilliumSansPro/TitilliumSansPro-Black.otf"; sourceTree = "<group>"; };
		6C592BE12A8A9E42ED7ADF44 /* Pods-IoEudiwApp.debug.xcconfig */ = {isa = PBXFileReference; includeInIndex = 1; lastKnownFileType = text.xcconfig; name = "Pods-IoEudiwApp.debug.xcconfig"; path = "Target Support Files/Pods-IoEudiwApp/Pods-IoEudiwApp.debug.xcconfig"; sourceTree = "<group>"; };
		6DA1A561244B4428BE0E8131 /* Titillio-Thin.otf */ = {isa = PBXFileReference; explicitFileType = undefined; fileEncoding = 9; includeInIndex = 0; lastKnownFileType = unknown; name = "Titillio-Thin.otf"; path = "../assets/fonts/Titillio/Titillio-Thin.otf"; sourceTree = "<group>"; };
		6DE0D075230E49CEBCD366B0 /* TitilliumSansPro-Regular.otf */ = {isa = PBXFileReference; explicitFileType = undefined; fileEncoding = 9; includeInIndex = 0; lastKnownFileType = unknown; name = "TitilliumSansPro-Regular.otf"; path = "../assets/fonts/TitilliumSansPro/TitilliumSansPro-Regular.otf"; sourceTree = "<group>"; };
		6E482761302D4430BAAFB6CB /* TitilliumSansPro-Thin.otf */ = {isa = PBXFileReference; explicitFileType = undefined; fileEncoding = 9; includeInIndex = 0; lastKnownFileType = unknown; name = "TitilliumSansPro-Thin.otf"; path = "../assets/fonts/TitilliumSansPro/TitilliumSansPro-Thin.otf"; sourceTree = "<group>"; };
		7165A8CE4EED4B86A518B270 /* Titillio-SemiboldItalic.otf */ = {isa = PBXFileReference; explicitFileType = undefined; fileEncoding = 9; includeInIndex = 0; lastKnownFileType = unknown; name = "Titillio-SemiboldItalic.otf"; path = "../assets/fonts/Titillio/Titillio-SemiboldItalic.otf"; sourceTree = "<group>"; };
		79319A14432F41BEAB3074FD /* TitilliumSansPro-BlackItalic.otf */ = {isa = PBXFileReference; explicitFileType = undefined; fileEncoding = 9; includeInIndex = 0; lastKnownFileType = unknown; name = "TitilliumSansPro-BlackItalic.otf"; path = "../assets/fonts/TitilliumSansPro/TitilliumSansPro-BlackItalic.otf"; sourceTree = "<group>"; };
		81AB9BB72411601600AC10FF /* LaunchScreen.storyboard */ = {isa = PBXFileReference; fileEncoding = 4; lastKnownFileType = file.storyboard; name = LaunchScreen.storyboard; path = IoEudiwApp/LaunchScreen.storyboard; sourceTree = "<group>"; };
		8D5302EAAEE84FA09944B103 /* DMMono-Medium.ttf */ = {isa = PBXFileReference; explicitFileType = undefined; fileEncoding = 9; includeInIndex = 0; lastKnownFileType = unknown; name = "DMMono-Medium.ttf"; path = "../assets/fonts/DMMono/DMMono-Medium.ttf"; sourceTree = "<group>"; };
		8FA2FDA4632E422194C7E1A1 /* Titillio-Extrablack.otf */ = {isa = PBXFileReference; explicitFileType = undefined; fileEncoding = 9; includeInIndex = 0; lastKnownFileType = unknown; name = "Titillio-Extrablack.otf"; path = "../assets/fonts/Titillio/Titillio-Extrablack.otf"; sourceTree = "<group>"; };
		AF0B1A517E2A471D83607F87 /* TitilliumSansPro-Light.otf */ = {isa = PBXFileReference; explicitFileType = undefined; fileEncoding = 9; includeInIndex = 0; lastKnownFileType = unknown; name = "TitilliumSansPro-Light.otf"; path = "../assets/fonts/TitilliumSansPro/TitilliumSansPro-Light.otf"; sourceTree = "<group>"; };
		B8D98B4A78B94C9A949B29E8 /* Titillio-Light.otf */ = {isa = PBXFileReference; explicitFileType = undefined; fileEncoding = 9; includeInIndex = 0; lastKnownFileType = unknown; name = "Titillio-Light.otf"; path = "../assets/fonts/Titillio/Titillio-Light.otf"; sourceTree = "<group>"; };
		BE0DAA9213CD4F34B64C4991 /* Titillio-ExtraboldItalic.otf */ = {isa = PBXFileReference; explicitFileType = undefined; fileEncoding = 9; includeInIndex = 0; lastKnownFileType = unknown; name = "Titillio-ExtraboldItalic.otf"; path = "../assets/fonts/Titillio/Titillio-ExtraboldItalic.otf"; sourceTree = "<group>"; };
		D42FA4F07E19412084BD2623 /* Titillio-ThinItalic.otf */ = {isa = PBXFileReference; explicitFileType = undefined; fileEncoding = 9; includeInIndex = 0; lastKnownFileType = unknown; name = "Titillio-ThinItalic.otf"; path = "../assets/fonts/Titillio/Titillio-ThinItalic.otf"; sourceTree = "<group>"; };
		DC4CF7301749440CAE7B3A98 /* Colors.xcassets */ = {isa = PBXFileReference; explicitFileType = undefined; fileEncoding = 9; includeInIndex = 0; lastKnownFileType = folder.assetcatalog; name = Colors.xcassets; path = IoEudiwApp/Colors.xcassets; sourceTree = "<group>"; };
		DE963A9F2B35E843C3698C24 /* PrivacyInfo.xcprivacy */ = {isa = PBXFileReference; includeInIndex = 1; lastKnownFileType = text.xml; name = PrivacyInfo.xcprivacy; path = IoEudiwApp/PrivacyInfo.xcprivacy; sourceTree = "<group>"; };
		E0BD2A6A78EE9B5992198E54 /* Pods-IoEudiwApp.release.xcconfig */ = {isa = PBXFileReference; includeInIndex = 1; lastKnownFileType = text.xcconfig; name = "Pods-IoEudiwApp.release.xcconfig"; path = "Target Support Files/Pods-IoEudiwApp/Pods-IoEudiwApp.release.xcconfig"; sourceTree = "<group>"; };
		EB1BAF542E6B45BF9B46143A /* Titillio-Regular.otf */ = {isa = PBXFileReference; explicitFileType = undefined; fileEncoding = 9; includeInIndex = 0; lastKnownFileType = unknown; name = "Titillio-Regular.otf"; path = "../assets/fonts/Titillio/Titillio-Regular.otf"; sourceTree = "<group>"; };
		ED297162215061F000B7C4FE /* JavaScriptCore.framework */ = {isa = PBXFileReference; lastKnownFileType = wrapper.framework; name = JavaScriptCore.framework; path = System/Library/Frameworks/JavaScriptCore.framework; sourceTree = SDKROOT; };
		F339A846B15749F98D8E5C6F /* TitilliumSansPro-LightItalic.otf */ = {isa = PBXFileReference; explicitFileType = undefined; fileEncoding = 9; includeInIndex = 0; lastKnownFileType = unknown; name = "TitilliumSansPro-LightItalic.otf"; path = "../assets/fonts/TitilliumSansPro/TitilliumSansPro-LightItalic.otf"; sourceTree = "<group>"; };
		F63566782DF6DA7700C178C6 /* AppDelegate.swift */ = {isa = PBXFileReference; lastKnownFileType = sourcecode.swift; name = AppDelegate.swift; path = IoEudiwApp/AppDelegate.swift; sourceTree = "<group>"; };
		F6959AA62D00A15100D2A569 /* BootSplash.storyboard */ = {isa = PBXFileReference; lastKnownFileType = file.storyboard; name = BootSplash.storyboard; path = IoEudiwApp/BootSplash.storyboard; sourceTree = "<group>"; };
		FA26CAB297834E639081D91E /* Titillio-Bold.otf */ = {isa = PBXFileReference; explicitFileType = undefined; fileEncoding = 9; includeInIndex = 0; lastKnownFileType = unknown; name = "Titillio-Bold.otf"; path = "../assets/fonts/Titillio/Titillio-Bold.otf"; sourceTree = "<group>"; };
/* End PBXFileReference section */

/* Begin PBXFrameworksBuildPhase section */
		13B07F8C1A680F5B00A75B9A /* Frameworks */ = {
			isa = PBXFrameworksBuildPhase;
			buildActionMask = 2147483647;
			files = (
				877A53B3CFCC0FC5A2283477 /* libPods-IoEudiwApp.a in Frameworks */,
			);
			runOnlyForDeploymentPostprocessing = 0;
		};
/* End PBXFrameworksBuildPhase section */

/* Begin PBXGroup section */
		037535AC01784DF283E04F3E /* Resources */ = {
			isa = PBXGroup;
			children = (
				15A5A725CA62404FBCEB9B57 /* Titillio-Black.otf */,
				430BA7F821FE420699CAB8E2 /* Titillio-BlackItalic.otf */,
				FA26CAB297834E639081D91E /* Titillio-Bold.otf */,
				0FA23E12FCD5425296A1777D /* Titillio-BoldItalic.otf */,
				8FA2FDA4632E422194C7E1A1 /* Titillio-Extrablack.otf */,
				081C72F902E4450B96CC25FC /* Titillio-ExtrablackItalic.otf */,
				0A43755FBD954A6CB07F91DC /* Titillio-Extrabold.otf */,
				BE0DAA9213CD4F34B64C4991 /* Titillio-ExtraboldItalic.otf */,
				B8D98B4A78B94C9A949B29E8 /* Titillio-Light.otf */,
				047EDABED48D4D599E0D56E2 /* Titillio-LightItalic.otf */,
				EB1BAF542E6B45BF9B46143A /* Titillio-Regular.otf */,
				0612F5A308514850BC36EC98 /* Titillio-RegularItalic.otf */,
				5A9395E16369404D96ED52C7 /* Titillio-Semibold.otf */,
				7165A8CE4EED4B86A518B270 /* Titillio-SemiboldItalic.otf */,
				6DA1A561244B4428BE0E8131 /* Titillio-Thin.otf */,
				D42FA4F07E19412084BD2623 /* Titillio-ThinItalic.otf */,
				8D5302EAAEE84FA09944B103 /* DMMono-Medium.ttf */,
				5B9FE5965E924AA899806CBF /* TitilliumSansPro-Black.otf */,
				79319A14432F41BEAB3074FD /* TitilliumSansPro-BlackItalic.otf */,
				47707031C2D14E2391795E37 /* TitilliumSansPro-Bold.otf */,
				4F04C273CB2E4408A0CAB0BC /* TitilliumSansPro-BoldItalic.otf */,
				2597B0BD049D4FD5A02C25A6 /* TitilliumSansPro-Italic.otf */,
				AF0B1A517E2A471D83607F87 /* TitilliumSansPro-Light.otf */,
				F339A846B15749F98D8E5C6F /* TitilliumSansPro-LightItalic.otf */,
				6DE0D075230E49CEBCD366B0 /* TitilliumSansPro-Regular.otf */,
				21A9D63B4D4A4553B1DD8FCD /* TitilliumSansPro-Semibold.otf */,
				1708B67025CA41E386C812EF /* TitilliumSansPro-SemiboldItalic.otf */,
				6E482761302D4430BAAFB6CB /* TitilliumSansPro-Thin.otf */,
				240978AC19094893BDBC8EC8 /* TitilliumSansPro-ThinItalic.otf */,
			);
			name = Resources;
			sourceTree = "<group>";
		};
		13B07FAE1A68108700A75B9A /* IoEudiwApp */ = {
			isa = PBXGroup;
			children = (
				F63566782DF6DA7700C178C6 /* AppDelegate.swift */,
				13B07FB51A68108700A75B9A /* Images.xcassets */,
				F6959AA62D00A15100D2A569 /* BootSplash.storyboard */,
				13B07FB61A68108700A75B9A /* Info.plist */,
				81AB9BB72411601600AC10FF /* LaunchScreen.storyboard */,
				DE963A9F2B35E843C3698C24 /* PrivacyInfo.xcprivacy */,
				DC4CF7301749440CAE7B3A98 /* Colors.xcassets */,
			);
			name = IoEudiwApp;
			sourceTree = "<group>";
		};
		2D16E6871FA4F8E400B85C8A /* Frameworks */ = {
			isa = PBXGroup;
			children = (
				ED297162215061F000B7C4FE /* JavaScriptCore.framework */,
				46334D6DD4BE72A24D54452D /* libPods-IoEudiwApp.a */,
			);
			name = Frameworks;
			sourceTree = "<group>";
		};
		832341AE1AAA6A7D00B99B32 /* Libraries */ = {
			isa = PBXGroup;
			children = (
			);
			name = Libraries;
			sourceTree = "<group>";
		};
		83CBB9F61A601CBA00E9B192 = {
			isa = PBXGroup;
			children = (
				13B07FAE1A68108700A75B9A /* IoEudiwApp */,
				832341AE1AAA6A7D00B99B32 /* Libraries */,
				83CBBA001A601CBA00E9B192 /* Products */,
				2D16E6871FA4F8E400B85C8A /* Frameworks */,
				BBD78D7AC51CEA395F1C20DB /* Pods */,
				037535AC01784DF283E04F3E /* Resources */,
			);
			indentWidth = 2;
			sourceTree = "<group>";
			tabWidth = 2;
			usesTabs = 0;
		};
		83CBBA001A601CBA00E9B192 /* Products */ = {
			isa = PBXGroup;
			children = (
				13B07F961A680F5B00A75B9A /* IoEudiwApp.app */,
			);
			name = Products;
			sourceTree = "<group>";
		};
		BBD78D7AC51CEA395F1C20DB /* Pods */ = {
			isa = PBXGroup;
			children = (
				6C592BE12A8A9E42ED7ADF44 /* Pods-IoEudiwApp.debug.xcconfig */,
				E0BD2A6A78EE9B5992198E54 /* Pods-IoEudiwApp.release.xcconfig */,
			);
			path = Pods;
			sourceTree = "<group>";
		};
/* End PBXGroup section */

/* Begin PBXNativeTarget section */
		13B07F861A680F5B00A75B9A /* IoEudiwApp */ = {
			isa = PBXNativeTarget;
			buildConfigurationList = 13B07F931A680F5B00A75B9A /* Build configuration list for PBXNativeTarget "IoEudiwApp" */;
			buildPhases = (
				1284447137BF125238E289ED /* [CP] Check Pods Manifest.lock */,
				13B07F871A680F5B00A75B9A /* Sources */,
				13B07F8C1A680F5B00A75B9A /* Frameworks */,
				13B07F8E1A680F5B00A75B9A /* Resources */,
				00DD1BFF1BD5951E006B06BC /* Bundle React Native code and images */,
				4C55DFC9A08904FC0D4D6DFD /* [CP] Embed Pods Frameworks */,
				9B40B5ABA9A943DF20AAA69E /* [CP] Copy Pods Resources */,
			);
			buildRules = (
			);
			dependencies = (
			);
			name = IoEudiwApp;
			productName = IoEudiwApp;
			productReference = 13B07F961A680F5B00A75B9A /* IoEudiwApp.app */;
			productType = "com.apple.product-type.application";
		};
/* End PBXNativeTarget section */

/* Begin PBXProject section */
		83CBB9F71A601CBA00E9B192 /* Project object */ = {
			isa = PBXProject;
			attributes = {
				LastUpgradeCheck = 1210;
				TargetAttributes = {
					13B07F861A680F5B00A75B9A = {
						LastSwiftMigration = 1640;
					};
				};
			};
			buildConfigurationList = 83CBB9FA1A601CBA00E9B192 /* Build configuration list for PBXProject "IoEudiwApp" */;
			compatibilityVersion = "Xcode 12.0";
			developmentRegion = en;
			hasScannedForEncodings = 0;
			knownRegions = (
				en,
				Base,
			);
			mainGroup = 83CBB9F61A601CBA00E9B192;
			productRefGroup = 83CBBA001A601CBA00E9B192 /* Products */;
			projectDirPath = "";
			projectRoot = "";
			targets = (
				13B07F861A680F5B00A75B9A /* IoEudiwApp */,
			);
		};
/* End PBXProject section */

/* Begin PBXResourcesBuildPhase section */
		13B07F8E1A680F5B00A75B9A /* Resources */ = {
			isa = PBXResourcesBuildPhase;
			buildActionMask = 2147483647;
			files = (
				81AB9BB82411601600AC10FF /* LaunchScreen.storyboard in Resources */,
				13B07FBF1A68108700A75B9A /* Images.xcassets in Resources */,
				3558A75016C5A30539877B84 /* PrivacyInfo.xcprivacy in Resources */,
				460A1C5BCC934D08BD15F4A9 /* Titillio-Black.otf in Resources */,
				0A1F5DA3C9F440279EA2FE4A /* Titillio-BlackItalic.otf in Resources */,
				13588AE3202F467B879F2EF5 /* Titillio-Bold.otf in Resources */,
				F6959AA72D00A15100D2A569 /* BootSplash.storyboard in Resources */,
				A769003E9A3F4E348A3861CB /* Titillio-BoldItalic.otf in Resources */,
				23CEE3804A144229A2C18EAA /* Titillio-Extrablack.otf in Resources */,
				FBB43AC230BE40C48E7506A4 /* Titillio-ExtrablackItalic.otf in Resources */,
				EA6F74176EAD40CD98825A12 /* Titillio-Extrabold.otf in Resources */,
				3A51DC078DB04BFD9894F0BE /* Titillio-ExtraboldItalic.otf in Resources */,
				2DE38A481C154BE4B63CF410 /* Titillio-Light.otf in Resources */,
				77A20BE28C7A49C0B0120CE2 /* Titillio-LightItalic.otf in Resources */,
				36DE9EC3AC8B4EDCABC3CAB2 /* Titillio-Regular.otf in Resources */,
				757A95AB1C66444BA3BC05FF /* Titillio-RegularItalic.otf in Resources */,
				6CDE7782BAF447ABA15525BB /* Titillio-Semibold.otf in Resources */,
				204F2B436D9D498091C11828 /* Titillio-SemiboldItalic.otf in Resources */,
				4A148B935CED442D9C119D28 /* Titillio-Thin.otf in Resources */,
				A0545EB5A3A6474BBECA40BC /* Titillio-ThinItalic.otf in Resources */,
				A54F895845624BCEAF917B6D /* DMMono-Medium.ttf in Resources */,
				522AF7EC8E0F400FA1D2BB50 /* TitilliumSansPro-Black.otf in Resources */,
				1784E40564CA4751942BACC2 /* TitilliumSansPro-BlackItalic.otf in Resources */,
				B66E98041841459DACF629ED /* TitilliumSansPro-Bold.otf in Resources */,
				C5804A29C99345E5B5D7321C /* TitilliumSansPro-BoldItalic.otf in Resources */,
				99CD6813D879408C89F91B84 /* TitilliumSansPro-Italic.otf in Resources */,
				72405161325446FC9D3D44AE /* TitilliumSansPro-Light.otf in Resources */,
				18FBBD1F9AF24DD49E67464E /* TitilliumSansPro-LightItalic.otf in Resources */,
				A51A1D441BE24D3386947144 /* TitilliumSansPro-Regular.otf in Resources */,
				22D818C37E8D46878C9BBDF0 /* TitilliumSansPro-Semibold.otf in Resources */,
				1B20A905301D461B8FE65E1A /* TitilliumSansPro-SemiboldItalic.otf in Resources */,
				C6BBA361F0C94144B33F7BB0 /* TitilliumSansPro-Thin.otf in Resources */,
				093D4F8145EC4D669BC77D8C /* TitilliumSansPro-ThinItalic.otf in Resources */,
				696712BA3C4E48378FC69BCC /* Colors.xcassets in Resources */,
			);
			runOnlyForDeploymentPostprocessing = 0;
		};
/* End PBXResourcesBuildPhase section */

/* Begin PBXShellScriptBuildPhase section */
		00DD1BFF1BD5951E006B06BC /* Bundle React Native code and images */ = {
			isa = PBXShellScriptBuildPhase;
			buildActionMask = 2147483647;
			files = (
			);
			inputPaths = (
				"$(SRCROOT)/.xcode.env.local",
				"$(SRCROOT)/.xcode.env",
			);
			name = "Bundle React Native code and images";
			outputPaths = (
			);
			runOnlyForDeploymentPostprocessing = 0;
			shellPath = /bin/sh;
			shellScript = "set -e\n\nWITH_ENVIRONMENT=\"$REACT_NATIVE_PATH/scripts/xcode/with-environment.sh\"\nREACT_NATIVE_XCODE=\"$REACT_NATIVE_PATH/scripts/react-native-xcode.sh\"\n\n/bin/sh -c \"$WITH_ENVIRONMENT $REACT_NATIVE_XCODE\"\n";
		};
		1284447137BF125238E289ED /* [CP] Check Pods Manifest.lock */ = {
			isa = PBXShellScriptBuildPhase;
			buildActionMask = 2147483647;
			files = (
			);
			inputFileListPaths = (
			);
			inputPaths = (
				"${PODS_PODFILE_DIR_PATH}/Podfile.lock",
				"${PODS_ROOT}/Manifest.lock",
			);
			name = "[CP] Check Pods Manifest.lock";
			outputFileListPaths = (
			);
			outputPaths = (
				"$(DERIVED_FILE_DIR)/Pods-IoEudiwApp-checkManifestLockResult.txt",
			);
			runOnlyForDeploymentPostprocessing = 0;
			shellPath = /bin/sh;
			shellScript = "diff \"${PODS_PODFILE_DIR_PATH}/Podfile.lock\" \"${PODS_ROOT}/Manifest.lock\" > /dev/null\nif [ $? != 0 ] ; then\n    # print error to STDERR\n    echo \"error: The sandbox is not in sync with the Podfile.lock. Run 'pod install' or update your CocoaPods installation.\" >&2\n    exit 1\nfi\n# This output is used by Xcode 'outputs' to avoid re-running this script phase.\necho \"SUCCESS\" > \"${SCRIPT_OUTPUT_FILE_0}\"\n";
			showEnvVarsInLog = 0;
		};
		4C55DFC9A08904FC0D4D6DFD /* [CP] Embed Pods Frameworks */ = {
			isa = PBXShellScriptBuildPhase;
			buildActionMask = 2147483647;
			files = (
			);
			inputFileListPaths = (
				"${PODS_ROOT}/Target Support Files/Pods-IoEudiwApp/Pods-IoEudiwApp-frameworks-${CONFIGURATION}-input-files.xcfilelist",
			);
			name = "[CP] Embed Pods Frameworks";
			outputFileListPaths = (
				"${PODS_ROOT}/Target Support Files/Pods-IoEudiwApp/Pods-IoEudiwApp-frameworks-${CONFIGURATION}-output-files.xcfilelist",
			);
			runOnlyForDeploymentPostprocessing = 0;
			shellPath = /bin/sh;
			shellScript = "\"${PODS_ROOT}/Target Support Files/Pods-IoEudiwApp/Pods-IoEudiwApp-frameworks.sh\"\n";
			showEnvVarsInLog = 0;
		};
		9B40B5ABA9A943DF20AAA69E /* [CP] Copy Pods Resources */ = {
			isa = PBXShellScriptBuildPhase;
			buildActionMask = 2147483647;
			files = (
			);
			inputFileListPaths = (
				"${PODS_ROOT}/Target Support Files/Pods-IoEudiwApp/Pods-IoEudiwApp-resources-${CONFIGURATION}-input-files.xcfilelist",
			);
			name = "[CP] Copy Pods Resources";
			outputFileListPaths = (
				"${PODS_ROOT}/Target Support Files/Pods-IoEudiwApp/Pods-IoEudiwApp-resources-${CONFIGURATION}-output-files.xcfilelist",
			);
			runOnlyForDeploymentPostprocessing = 0;
			shellPath = /bin/sh;
			shellScript = "\"${PODS_ROOT}/Target Support Files/Pods-IoEudiwApp/Pods-IoEudiwApp-resources.sh\"\n";
			showEnvVarsInLog = 0;
		};
/* End PBXShellScriptBuildPhase section */

/* Begin PBXSourcesBuildPhase section */
		13B07F871A680F5B00A75B9A /* Sources */ = {
			isa = PBXSourcesBuildPhase;
			buildActionMask = 2147483647;
			files = (
				F63566792DF6DA7700C178C6 /* AppDelegate.swift in Sources */,
			);
			runOnlyForDeploymentPostprocessing = 0;
		};
/* End PBXSourcesBuildPhase section */

/* Begin XCBuildConfiguration section */
		13B07F941A680F5B00A75B9A /* Debug */ = {
			isa = XCBuildConfiguration;
			baseConfigurationReference = 6C592BE12A8A9E42ED7ADF44 /* Pods-IoEudiwApp.debug.xcconfig */;
			buildSettings = {
				ASSETCATALOG_COMPILER_APPICON_NAME = AppIcon;
				CLANG_ENABLE_MODULES = YES;
				CODE_SIGN_IDENTITY = "Apple Development";
				CODE_SIGN_STYLE = Manual;
				CURRENT_PROJECT_VERSION = 1;
				DEVELOPMENT_TEAM = "";
				ENABLE_BITCODE = NO;
				INFOPLIST_FILE = IoEudiwApp/Info.plist;
				IPHONEOS_DEPLOYMENT_TARGET = 16.6;
				LD_RUNPATH_SEARCH_PATHS = (
					"$(inherited)",
					"@executable_path/Frameworks",
				);
				MARKETING_VERSION = 1.0;
				OTHER_LDFLAGS = (
					"$(inherited)",
					"-ObjC",
					"-lc++",
				);
				PRODUCT_BUNDLE_IDENTIFIER = it.pagopa.app.io.poc.eudiw;
				PRODUCT_NAME = IoEudiwApp;
				PROVISIONING_PROFILE_SPECIFIER = "";
				SWIFT_OPTIMIZATION_LEVEL = "-Onone";
				SWIFT_VERSION = 5.0;
				VERSIONING_SYSTEM = "apple-generic";
			};
			name = Debug;
		};
		13B07F951A680F5B00A75B9A /* Release */ = {
			isa = XCBuildConfiguration;
			baseConfigurationReference = E0BD2A6A78EE9B5992198E54 /* Pods-IoEudiwApp.release.xcconfig */;
			buildSettings = {
				ASSETCATALOG_COMPILER_APPICON_NAME = AppIcon;
				CLANG_ENABLE_MODULES = YES;
				"CODE_SIGN_IDENTITY[sdk=iphoneos*]" = "iPhone Distribution";
				CODE_SIGN_STYLE = Manual;
				CURRENT_PROJECT_VERSION = 1;
				DEVELOPMENT_TEAM = "";
				"DEVELOPMENT_TEAM[sdk=iphoneos*]" = M2X5YQ4BJ7;
				INFOPLIST_FILE = IoEudiwApp/Info.plist;
				IPHONEOS_DEPLOYMENT_TARGET = 16.6;
				LD_RUNPATH_SEARCH_PATHS = (
					"$(inherited)",
					"@executable_path/Frameworks",
				);
				MARKETING_VERSION = 1.0;
				OTHER_LDFLAGS = (
					"$(inherited)",
					"-ObjC",
					"-lc++",
				);
				PRODUCT_BUNDLE_IDENTIFIER = it.pagopa.app.io.poc.eudiw;
				PRODUCT_NAME = IoEudiwApp;
				PROVISIONING_PROFILE_SPECIFIER = "match AppStore it.pagopa.app.io.poc.eudiw";
				"PROVISIONING_PROFILE_SPECIFIER[sdk=iphoneos*]" = "match AppStore it.pagopa.app.io.poc.eudiw";
				SWIFT_VERSION = 5.0;
				VERSIONING_SYSTEM = "apple-generic";
			};
			name = Release;
		};
		83CBBA201A601CBA00E9B192 /* Debug */ = {
			isa = XCBuildConfiguration;
			buildSettings = {
				ALWAYS_SEARCH_USER_PATHS = NO;
				CC = "";
				CLANG_ANALYZER_LOCALIZABILITY_NONLOCALIZED = YES;
				CLANG_CXX_LANGUAGE_STANDARD = "c++20";
				CLANG_CXX_LIBRARY = "libc++";
				CLANG_ENABLE_MODULES = YES;
				CLANG_ENABLE_OBJC_ARC = YES;
				CLANG_WARN_BLOCK_CAPTURE_AUTORELEASING = YES;
				CLANG_WARN_BOOL_CONVERSION = YES;
				CLANG_WARN_COMMA = YES;
				CLANG_WARN_CONSTANT_CONVERSION = YES;
				CLANG_WARN_DEPRECATED_OBJC_IMPLEMENTATIONS = YES;
				CLANG_WARN_DIRECT_OBJC_ISA_USAGE = YES_ERROR;
				CLANG_WARN_EMPTY_BODY = YES;
				CLANG_WARN_ENUM_CONVERSION = YES;
				CLANG_WARN_INFINITE_RECURSION = YES;
				CLANG_WARN_INT_CONVERSION = YES;
				CLANG_WARN_NON_LITERAL_NULL_CONVERSION = YES;
				CLANG_WARN_OBJC_IMPLICIT_RETAIN_SELF = YES;
				CLANG_WARN_OBJC_LITERAL_CONVERSION = YES;
				CLANG_WARN_OBJC_ROOT_CLASS = YES_ERROR;
				CLANG_WARN_QUOTED_INCLUDE_IN_FRAMEWORK_HEADER = YES;
				CLANG_WARN_RANGE_LOOP_ANALYSIS = YES;
				CLANG_WARN_STRICT_PROTOTYPES = YES;
				CLANG_WARN_SUSPICIOUS_MOVE = YES;
				CLANG_WARN_UNREACHABLE_CODE = YES;
				CLANG_WARN__DUPLICATE_METHOD_MATCH = YES;
				"CODE_SIGN_IDENTITY[sdk=iphoneos*]" = "iPhone Developer";
				COPY_PHASE_STRIP = NO;
				CXX = "";
				ENABLE_STRICT_OBJC_MSGSEND = YES;
				ENABLE_TESTABILITY = YES;
				"EXCLUDED_ARCHS[sdk=iphonesimulator*]" = "";
				GCC_C_LANGUAGE_STANDARD = gnu99;
				GCC_DYNAMIC_NO_PIC = NO;
				GCC_NO_COMMON_BLOCKS = YES;
				GCC_OPTIMIZATION_LEVEL = 0;
				GCC_PREPROCESSOR_DEFINITIONS = (
					"DEBUG=1",
					"$(inherited)",
				);
				GCC_SYMBOLS_PRIVATE_EXTERN = NO;
				GCC_WARN_64_TO_32_BIT_CONVERSION = YES;
				GCC_WARN_ABOUT_RETURN_TYPE = YES_ERROR;
				GCC_WARN_UNDECLARED_SELECTOR = YES;
				GCC_WARN_UNINITIALIZED_AUTOS = YES_AGGRESSIVE;
				GCC_WARN_UNUSED_FUNCTION = YES;
				GCC_WARN_UNUSED_VARIABLE = YES;
				IPHONEOS_DEPLOYMENT_TARGET = 16.6;
				LD = "";
				LDPLUSPLUS = "";
				LD_RUNPATH_SEARCH_PATHS = (
					/usr/lib/swift,
					"$(inherited)",
				);
				LIBRARY_SEARCH_PATHS = (
					"\"$(SDKROOT)/usr/lib/swift\"",
					"\"$(TOOLCHAIN_DIR)/usr/lib/swift/$(PLATFORM_NAME)\"",
					"\"$(inherited)\"",
				);
				MTL_ENABLE_DEBUG_INFO = YES;
				ONLY_ACTIVE_ARCH = YES;
				OTHER_CPLUSPLUSFLAGS = (
					"$(OTHER_CFLAGS)",
					"-DFOLLY_NO_CONFIG",
					"-DFOLLY_MOBILE=1",
					"-DFOLLY_USE_LIBCPP=1",
					"-DFOLLY_CFG_NO_COROUTINES=1",
					"-DFOLLY_HAVE_CLOCK_GETTIME=1",
				);
				OTHER_LDFLAGS = (
					"$(inherited)",
					" ",
				);
				REACT_NATIVE_PATH = "${PODS_ROOT}/../../node_modules/react-native";
				SDKROOT = iphoneos;
				SWIFT_ACTIVE_COMPILATION_CONDITIONS = "$(inherited) DEBUG";
				USE_HERMES = true;
			};
			name = Debug;
		};
		83CBBA211A601CBA00E9B192 /* Release */ = {
			isa = XCBuildConfiguration;
			buildSettings = {
				ALWAYS_SEARCH_USER_PATHS = NO;
				CC = "";
				CLANG_ANALYZER_LOCALIZABILITY_NONLOCALIZED = YES;
				CLANG_CXX_LANGUAGE_STANDARD = "c++20";
				CLANG_CXX_LIBRARY = "libc++";
				CLANG_ENABLE_MODULES = YES;
				CLANG_ENABLE_OBJC_ARC = YES;
				CLANG_WARN_BLOCK_CAPTURE_AUTORELEASING = YES;
				CLANG_WARN_BOOL_CONVERSION = YES;
				CLANG_WARN_COMMA = YES;
				CLANG_WARN_CONSTANT_CONVERSION = YES;
				CLANG_WARN_DEPRECATED_OBJC_IMPLEMENTATIONS = YES;
				CLANG_WARN_DIRECT_OBJC_ISA_USAGE = YES_ERROR;
				CLANG_WARN_EMPTY_BODY = YES;
				CLANG_WARN_ENUM_CONVERSION = YES;
				CLANG_WARN_INFINITE_RECURSION = YES;
				CLANG_WARN_INT_CONVERSION = YES;
				CLANG_WARN_NON_LITERAL_NULL_CONVERSION = YES;
				CLANG_WARN_OBJC_IMPLICIT_RETAIN_SELF = YES;
				CLANG_WARN_OBJC_LITERAL_CONVERSION = YES;
				CLANG_WARN_OBJC_ROOT_CLASS = YES_ERROR;
				CLANG_WARN_QUOTED_INCLUDE_IN_FRAMEWORK_HEADER = YES;
				CLANG_WARN_RANGE_LOOP_ANALYSIS = YES;
				CLANG_WARN_STRICT_PROTOTYPES = YES;
				CLANG_WARN_SUSPICIOUS_MOVE = YES;
				CLANG_WARN_UNREACHABLE_CODE = YES;
				CLANG_WARN__DUPLICATE_METHOD_MATCH = YES;
				"CODE_SIGN_IDENTITY[sdk=iphoneos*]" = "iPhone Developer";
				COPY_PHASE_STRIP = YES;
				CXX = "";
				ENABLE_NS_ASSERTIONS = NO;
				ENABLE_STRICT_OBJC_MSGSEND = YES;
				"EXCLUDED_ARCHS[sdk=iphonesimulator*]" = "";
				GCC_C_LANGUAGE_STANDARD = gnu99;
				GCC_NO_COMMON_BLOCKS = YES;
				GCC_WARN_64_TO_32_BIT_CONVERSION = YES;
				GCC_WARN_ABOUT_RETURN_TYPE = YES_ERROR;
				GCC_WARN_UNDECLARED_SELECTOR = YES;
				GCC_WARN_UNINITIALIZED_AUTOS = YES_AGGRESSIVE;
				GCC_WARN_UNUSED_FUNCTION = YES;
				GCC_WARN_UNUSED_VARIABLE = YES;
				IPHONEOS_DEPLOYMENT_TARGET = 16.6;
				LD = "";
				LDPLUSPLUS = "";
				LD_RUNPATH_SEARCH_PATHS = (
					/usr/lib/swift,
					"$(inherited)",
				);
				LIBRARY_SEARCH_PATHS = (
					"\"$(SDKROOT)/usr/lib/swift\"",
					"\"$(TOOLCHAIN_DIR)/usr/lib/swift/$(PLATFORM_NAME)\"",
					"\"$(inherited)\"",
				);
				MTL_ENABLE_DEBUG_INFO = NO;
				OTHER_CPLUSPLUSFLAGS = (
					"$(OTHER_CFLAGS)",
					"-DFOLLY_NO_CONFIG",
					"-DFOLLY_MOBILE=1",
					"-DFOLLY_USE_LIBCPP=1",
					"-DFOLLY_CFG_NO_COROUTINES=1",
					"-DFOLLY_HAVE_CLOCK_GETTIME=1",
				);
				OTHER_LDFLAGS = (
					"$(inherited)",
					" ",
				);
				REACT_NATIVE_PATH = "${PODS_ROOT}/../../node_modules/react-native";
				SDKROOT = iphoneos;
				USE_HERMES = true;
				VALIDATE_PRODUCT = YES;
			};
			name = Release;
		};
/* End XCBuildConfiguration section */

/* Begin XCConfigurationList section */
		13B07F931A680F5B00A75B9A /* Build configuration list for PBXNativeTarget "IoEudiwApp" */ = {
			isa = XCConfigurationList;
			buildConfigurations = (
				13B07F941A680F5B00A75B9A /* Debug */,
				13B07F951A680F5B00A75B9A /* Release */,
			);
			defaultConfigurationIsVisible = 0;
			defaultConfigurationName = Release;
		};
		83CBB9FA1A601CBA00E9B192 /* Build configuration list for PBXProject "IoEudiwApp" */ = {
			isa = XCConfigurationList;
			buildConfigurations = (
				83CBBA201A601CBA00E9B192 /* Debug */,
				83CBBA211A601CBA00E9B192 /* Release */,
			);
			defaultConfigurationIsVisible = 0;
			defaultConfigurationName = Release;
		};
/* End XCConfigurationList section */
	};
	rootObject = 83CBB9F71A601CBA00E9B192 /* Project object */;
}
